
Microsoft Visual Studio Solution File, Format Version 12.00
# Visual Studio Version 17
VisualStudioVersion = 17.10.35004.147
MinimumVisualStudioVersion = 10.0.40219.1
Project("{FAE04EC0-301F-11D3-BF4B-00C04F79EFBC}") = "Hovering", "Hovering\Hovering.csproj", "{96E01E5E-B334-4728-8107-1A452DBAB912}"
EndProject
Global
	GlobalSection(SolutionConfigurationPlatforms) = preSolution
		Debug|Any CPU = Debug|Any CPU
		Release|Any CPU = Release|Any CPU
	EndGlobalSection
	GlobalSection(ProjectConfigurationPlatforms) = postSolution
		{96E01E5E-B334-4728-8107-1A452DBAB912}.Debug|Any CPU.ActiveCfg = Debug|Any CPU
		{96E01E5E-B334-4728-8107-1A452DBAB912}.Debug|Any CPU.Build.0 = Debug|Any CPU
		{96E01E5E-B334-4728-8107-1A452DBAB912}.Release|Any CPU.ActiveCfg = Release|Any CPU
		{96E01E5E-B334-4728-8107-1A452DBAB912}.Release|Any CPU.Build.0 = Release|Any CPU
	EndGlobalSection
	GlobalSection(SolutionProperties) = preSolution
		HideSolutionNode = FALSE
	EndGlobalSection
	GlobalSection(ExtensibilityGlobals) = postSolution
		SolutionGuid = {E1D308E1-F163-4E14-819F-96C2127722BB}
	EndGlobalSection
EndGlobal
